// !$*UTF8*$!
{
	archiveVersion = 1;
	classes = {
	};
	objectVersion = 46;
	objects = {

/* Begin PBXBuildFile section */
		70BE5DC61C3BC88400AF7D61 /* AppDelegate.swift in Sources */ = {isa = PBXBuildFile; fileRef = 70BE5DC51C3BC88400AF7D61 /* AppDelegate.swift */; };
		70BE5DC81C3BC88400AF7D61 /* ViewController.swift in Sources */ = {isa = PBXBuildFile; fileRef = 70BE5DC71C3BC88400AF7D61 /* ViewController.swift */; };
		70BE5DCB1C3BC88400AF7D61 /* Main.storyboard in Resources */ = {isa = PBXBuildFile; fileRef = 70BE5DC91C3BC88400AF7D61 /* Main.storyboard */; };
		70BE5DCD1C3BC88400AF7D61 /* Assets.xcassets in Resources */ = {isa = PBXBuildFile; fileRef = 70BE5DCC1C3BC88400AF7D61 /* Assets.xcassets */; };
		70BE5DD01C3BC88400AF7D61 /* LaunchScreen.storyboard in Resources */ = {isa = PBXBuildFile; fileRef = 70BE5DCE1C3BC88400AF7D61 /* LaunchScreen.storyboard */; };
/* End PBXBuildFile section */

/* Begin PBXFileReference section */
		70BE5DC21C3BC88400AF7D61 /* Multiples.app */ = {isa = PBXFileReference; explicitFileType = wrapper.application; includeInIndex = 0; path = Multiples.app; sourceTree = BUILT_PRODUCTS_DIR; };
		70BE5DC51C3BC88400AF7D61 /* AppDelegate.swift */ = {isa = PBXFileReference; lastKnownFileType = sourcecode.swift; path = AppDelegate.swift; sourceTree = "<group>"; };
		70BE5DC71C3BC88400AF7D61 /* ViewController.swift */ = {isa = PBXFileReference; lastKnownFileType = sourcecode.swift; path = ViewController.swift; sourceTree = "<group>"; };
		70BE5DCA1C3BC88400AF7D61 /* Base */ = {isa = PBXFileReference; lastKnownFileType = file.storyboard; name = Base; path = Base.lproj/Main.storyboard; sourceTree = "<group>"; };
		70BE5DCC1C3BC88400AF7D61 /* Assets.xcassets */ = {isa = PBXFileReference; lastKnownFileType = folder.assetcatalog; path = Assets.xcassets; sourceTree = "<group>"; };
		70BE5DCF1C3BC88400AF7D61 /* Base */ = {isa = PBXFileReference; lastKnownFileType = file.storyboard; name = Base; path = Base.lproj/LaunchScreen.storyboard; sourceTree = "<group>"; };
		70BE5DD11C3BC88400AF7D61 /* Info.plist */ = {isa = PBXFileReference; lastKnownFileType = text.plist.xml; path = Info.plist; sourceTree = "<group>"; };
/* End PBXFileReference section */

/* Begin PBXFrameworksBuildPhase section */
		70BE5DBF1C3BC88400AF7D61 /* Frameworks */ = {
			isa = PBXFrameworksBuildPhase;
			buildActionMask = 2147483647;
			files = (
			);
			runOnlyForDeploymentPostprocessing = 0;
		};
/* End PBXFrameworksBuildPhase section */

/* Begin PBXGroup section */
		70BE5DB91C3BC88400AF7D61 = {
			isa = PBXGroup;
			children = (
				70BE5DC41C3BC88400AF7D61 /* Multiples */,
				70BE5DC31C3BC88400AF7D61 /* Products */,
			);
			sourceTree = "<group>";
		};
		70BE5DC31C3BC88400AF7D61 /* Products */ = {
			isa = PBXGroup;
			children = (
				70BE5DC21C3BC88400AF7D61 /* Multiples.app */,
			);
			name = Products;
			sourceTree = "<group>";
		};
		70BE5DC41C3BC88400AF7D61 /* Multiples */ = {
			isa = PBXGroup;
			children = (
				70BE5DC51C3BC88400AF7D61 /* AppDelegate.swift */,
				70BE5DC71C3BC88400AF7D61 /* ViewController.swift */,
				70BE5DC91C3BC88400AF7D61 /* Main.storyboard */,
				70BE5DCC1C3BC88400AF7D61 /* Assets.xcassets */,
				70BE5DCE1C3BC88400AF7D61 /* LaunchScreen.storyboard */,
				70BE5DD11C3BC88400AF7D61 /* Info.plist */,
			);
			path = Multiples;
			sourceTree = "<group>";
		};
/* End PBXGroup section */

/* Begin PBXNativeTarget section */
		70BE5DC11C3BC88400AF7D61 /* Multiples */ = {
			isa = PBXNativeTarget;
			buildConfigurationList = 70BE5DD41C3BC88400AF7D61 /* Build configuration list for PBXNativeTarget "Multiples" */;
			buildPhases = (
				70BE5DBE1C3BC88400AF7D61 /* Sources */,
				70BE5DBF1C3BC88400AF7D61 /* Frameworks */,
				70BE5DC01C3BC88400AF7D61 /* Resources */,
			);
			buildRules = (
			);
			dependencies = (
			);
			name = Multiples;
			productName = Multiples;
			productReference = 70BE5DC21C3BC88400AF7D61 /* Multiples.app */;
			productType = "com.apple.product-type.application";
		};
/* End PBXNativeTarget section */

/* Begin PBXProject section */
		70BE5DBA1C3BC88400AF7D61 /* Project object */ = {
			isa = PBXProject;
			attributes = {
				LastSwiftUpdateCheck = 0720;
				LastUpgradeCheck = 0720;
				ORGANIZATIONNAME = "Robert McBryde";
				TargetAttributes = {
					70BE5DC11C3BC88400AF7D61 = {
						CreatedOnToolsVersion = 7.2;
					};
				};
			};
			buildConfigurationList = 70BE5DBD1C3BC88400AF7D61 /* Build configuration list for PBXProject "Multiples" */;
			compatibilityVersion = "Xcode 3.2";
			developmentRegion = English;
			hasScannedForEncodings = 0;
			knownRegions = (
				en,
				Base,
			);
			mainGroup = 70BE5DB91C3BC88400AF7D61;
			productRefGroup = 70BE5DC31C3BC88400AF7D61 /* Products */;
			projectDirPath = "";
			projectRoot = "";
			targets = (
				70BE5DC11C3BC88400AF7D61 /* Multiples */,
			);
		};
/* End PBXProject section */

/* Begin PBXResourcesBuildPhase section */
		70BE5DC01C3BC88400AF7D61 /* Resources */ = {
			isa = PBXResourcesBuildPhase;
			buildActionMask = 2147483647;
			files = (
				70BE5DD01C3BC88400AF7D61 /* LaunchScreen.storyboard in Resources */,
				70BE5DCD1C3BC88400AF7D61 /* Assets.xcassets in Resources */,
				70BE5DCB1C3BC88400AF7D61 /* Main.storyboard in Resources */,
			);
			runOnlyForDeploymentPostprocessing = 0;
		};
/* End PBXResourcesBuildPhase section */

/* Begin PBXSourcesBuildPhase section */
		70BE5DBE1C3BC88400AF7D61 /* Sources */ = {
			isa = PBXSourcesBuildPhase;
			buildActionMask = 2147483647;
			files = (
				70BE5DC81C3BC88400AF7D61 /* ViewController.swift in Sources */,
				70BE5DC61C3BC88400AF7D61 /* AppDelegate.swift in Sources */,
			);
			runOnlyForDeploymentPostprocessing = 0;
		};
/* End PBXSourcesBuildPhase section */

/* Begin PBXVariantGroup section */
		70BE5DC91C3BC88400AF7D61 /* Main.storyboard */ = {
			isa = PBXVariantGroup;
			children = (
				70BE5DCA1C3BC88400AF7D61 /* Base */,
			);
			name = Main.storyboard;
			sourceTree = "<group>";
		};
		70BE5DCE1C3BC88400AF7D61 /* LaunchScreen.storyboard */ = {
			isa = PBXVariantGroup;
			children = (
				70BE5DCF1C3BC88400AF7D61 /* Base */,
			);
			name = LaunchScreen.storyboard;
			sourceTree = "<group>";
		};
/* End PBXVariantGroup section */

/* Begin XCBuildConfiguration section */
		70BE5DD21C3BC88400AF7D61 /* Debug */ = {
			isa = XCBuildConfiguration;
			buildSettings = {
				ALWAYS_SEARCH_USER_PATHS = NO;
				CLANG_CXX_LANGUAGE_STANDARD = "gnu++0x";
				CLANG_CXX_LIBRARY = "libc++";
				CLANG_ENABLE_MODULES = YES;
				CLANG_ENABLE_OBJC_ARC = YES;
				CLANG_WARN_BOOL_CONVERSION = YES;
				CLANG_WARN_CONSTANT_CONVERSION = YES;
				CLANG_WARN_DIRECT_OBJC_ISA_USAGE = YES_ERROR;
				CLANG_WARN_EMPTY_BODY = YES;
				CLANG_WARN_ENUM_CONVERSION = YES;
				CLANG_WARN_INT_CONVERSION = YES;
				CLANG_WARN_OBJC_ROOT_CLASS = YES_ERROR;
				CLANG_WARN_UNREACHABLE_CODE = YES;
				CLANG_WARN__DUPLICATE_METHOD_MATCH = YES;
				"CODE_SIGN_IDENTITY[sdk=iphoneos*]" = "iPhone Developer";
				COPY_PHASE_STRIP = NO;
				DEBUG_INFORMATION_FORMAT = dwarf;
				ENABLE_STRICT_OBJC_MSGSEND = YES;
				ENABLE_TESTABILITY = YES;
				GCC_C_LANGUAGE_STANDARD = gnu99;
				GCC_DYNAMIC_NO_PIC = NO;
				GCC_NO_COMMON_BLOCKS = YES;
				GCC_OPTIMIZATION_LEVEL = 0;
				GCC_PREPROCESSOR_DEFINITIONS = (
					"DEBUG=1",
					"$(inherited)",
				);
				GCC_WARN_64_TO_32_BIT_CONVERSION = YES;
				GCC_WARN_ABOUT_RETURN_TYPE = YES_ERROR;
				GCC_WARN_UNDECLARED_SELECTOR = YES;
				GCC_WARN_UNINITIALIZED_AUTOS = YES_AGGRESSIVE;
				GCC_WARN_UNUSED_FUNCTION = YES;
				GCC_WARN_UNUSED_VARIABLE = YES;
				IPHONEOS_DEPLOYMENT_TARGET = 9.2;
				MTL_ENABLE_DEBUG_INFO = YES;
				ONLY_ACTIVE_ARCH = YES;
				SDKROOT = iphoneos;
				SWIFT_OPTIMIZATION_LEVEL = "-Onone";
			};
			name = Debug;
		};
		70BE5DD31C3BC88400AF7D61 /* Release */ = {
			isa = XCBuildConfiguration;
			buildSettings = {
				ALWAYS_SEARCH_USER_PATHS = NO;
				CLANG_CXX_LANGUAGE_STANDARD = "gnu++0x";
				CLANG_CXX_LIBRARY = "libc++";
				CLANG_ENABLE_MODULES = YES;
				CLANG_ENABLE_OBJC_ARC = YES;
				CLANG_WARN_BOOL_CONVERSION = YES;
				CLANG_WARN_CONSTANT_CONVERSION = YES;
				CLANG_WARN_DIRECT_OBJC_ISA_USAGE = YES_ERROR;
				CLANG_WARN_EMPTY_BODY = YES;
				CLANG_WARN_ENUM_CONVERSION = YES;
				CLANG_WARN_INT_CONVERSION = YES;
				CLANG_WARN_OBJC_ROOT_CLASS = YES_ERROR;
				CLANG_WARN_UNREACHABLE_CODE = YES;
				CLANG_WARN__DUPLICATE_METHOD_MATCH = YES;
				"CODE_SIGN_IDENTITY[sdk=iphoneos*]" = "iPhone Developer";
				COPY_PHASE_STRIP = NO;
				DEBUG_INFORMATION_FORMAT = "dwarf-with-dsym";
				ENABLE_NS_ASSERTIONS = NO;
				ENABLE_STRICT_OBJC_MSGSEND = YES;
				GCC_C_LANGUAGE_STANDARD = gnu99;
				GCC_NO_COMMON_BLOCKS = YES;
				GCC_WARN_64_TO_32_BIT_CONVERSION = YES;
				GCC_WARN_ABOUT_RETURN_TYPE = YES_ERROR;
				GCC_WARN_UNDECLARED_SELECTOR = YES;
				GCC_WARN_UNINITIALIZED_AUTOS = YES_AGGRESSIVE;
				GCC_WARN_UNUSED_FUNCTION = YES;
				GCC_WARN_UNUSED_VARIABLE = YES;
				IPHONEOS_DEPLOYMENT_TARGET = 9.2;
				MTL_ENABLE_DEBUG_INFO = NO;
				SDKROOT = iphoneos;
				VALIDATE_PRODUCT = YES;
			};
			name = Release;
		};
		70BE5DD51C3BC88400AF7D61 /* Debug */ = {
			isa = XCBuildConfiguration;
			buildSettings = {
				ASSETCATALOG_COMPILER_APPICON_NAME = AppIcon;
				INFOPLIST_FILE = Multiples/Info.plist;
				LD_RUNPATH_SEARCH_PATHS = "$(inherited) @executable_path/Frameworks";
				PRODUCT_BUNDLE_IDENTIFIER = com.robertmcbryde.Multiples;
				PRODUCT_NAME = "$(TARGET_NAME)";
			};
			name = Debug;
		};
		70BE5DD61C3BC88400AF7D61 /* Release */ = {
			isa = XCBuildConfiguration;
			buildSettings = {
				ASSETCATALOG_COMPILER_APPICON_NAME = AppIcon;
				INFOPLIST_FILE = Multiples/Info.plist;
				LD_RUNPATH_SEARCH_PATHS = "$(inherited) @executable_path/Frameworks";
				PRODUCT_BUNDLE_IDENTIFIER = com.robertmcbryde.Multiples;
				PRODUCT_NAME = "$(TARGET_NAME)";
			};
			name = Release;
		};
/* End XCBuildConfiguration section */

/* Begin XCConfigurationList section */
		70BE5DBD1C3BC88400AF7D61 /* Build configuration list for PBXProject "Multiples" */ = {
			isa = XCConfigurationList;
			buildConfigurations = (
				70BE5DD21C3BC88400AF7D61 /* Debug */,
				70BE5DD31C3BC88400AF7D61 /* Release */,
			);
			defaultConfigurationIsVisible = 0;
			defaultConfigurationName = Release;
		};
		70BE5DD41C3BC88400AF7D61 /* Build configuration list for PBXNativeTarget "Multiples" */ = {
			isa = XCConfigurationList;
			buildConfigurations = (
				70BE5DD51C3BC88400AF7D61 /* Debug */,
				70BE5DD61C3BC88400AF7D61 /* Release */,
			);
			defaultConfigurationIsVisible = 0;
		};
/* End XCConfigurationList section */
	};
	rootObject = 70BE5DBA1C3BC88400AF7D61 /* Project object */;
}
